// !$*UTF8*$!
{
	archiveVersion = 1;
	classes = {
	};
	objectVersion = 77;
	objects = {

/* Begin PBXContainerItemProxy section */
		89AF95752D963E6600D8FA35 /* PBXContainerItemProxy */ = {
			isa = PBXContainerItemProxy;
			containerPortal = 89AF95572D963E6500D8FA35 /* Project object */;
			proxyType = 1;
			remoteGlobalIDString = 89AF955E2D963E6500D8FA35;
			remoteInfo = SaintDaniels;
		};
		89AF957F2D963E6600D8FA35 /* PBXContainerItemProxy */ = {
			isa = PBXContainerItemProxy;
			containerPortal = 89AF95572D963E6500D8FA35 /* Project object */;
			proxyType = 1;
			remoteGlobalIDString = 89AF955E2D963E6500D8FA35;
			remoteInfo = SaintDaniels;
		};
/* End PBXContainerItemProxy section */

/* Begin PBXFileReference section */
		89AF955F2D963E6500D8FA35 /* SaintDaniels.app */ = {isa = PBXFileReference; explicitFileType = wrapper.application; includeInIndex = 0; path = SaintDaniels.app; sourceTree = BUILT_PRODUCTS_DIR; };
		89AF95742D963E6600D8FA35 /* SaintDanielsTests.xctest */ = {isa = PBXFileReference; explicitFileType = wrapper.cfbundle; includeInIndex = 0; path = SaintDanielsTests.xctest; sourceTree = BUILT_PRODUCTS_DIR; };
		89AF957E2D963E6600D8FA35 /* SaintDanielsUITests.xctest */ = {isa = PBXFileReference; explicitFileType = wrapper.cfbundle; includeInIndex = 0; path = SaintDanielsUITests.xctest; sourceTree = BUILT_PRODUCTS_DIR; };
/* End PBXFileReference section */

/* Begin PBXFileSystemSynchronizedRootGroup section */
		89AF95612D963E6500D8FA35 /* SaintDaniels */ = {
			isa = PBXFileSystemSynchronizedRootGroup;
			path = SaintDaniels;
			sourceTree = "<group>";
		};
		89AF95772D963E6600D8FA35 /* SaintDanielsTests */ = {
			isa = PBXFileSystemSynchronizedRootGroup;
			path = SaintDanielsTests;
			sourceTree = "<group>";
		};
		89AF95812D963E6600D8FA35 /* SaintDanielsUITests */ = {
			isa = PBXFileSystemSynchronizedRootGroup;
			path = SaintDanielsUITests;
			sourceTree = "<group>";
		};
/* End PBXFileSystemSynchronizedRootGroup section */

/* Begin PBXFrameworksBuildPhase section */
		89AF955C2D963E6500D8FA35 /* Frameworks */ = {
			isa = PBXFrameworksBuildPhase;
			buildActionMask = 2147483647;
			files = (
			);
			runOnlyForDeploymentPostprocessing = 0;
		};
		89AF95712D963E6600D8FA35 /* Frameworks */ = {
			isa = PBXFrameworksBuildPhase;
			buildActionMask = 2147483647;
			files = (
			);
			runOnlyForDeploymentPostprocessing = 0;
		};
		89AF957B2D963E6600D8FA35 /* Frameworks */ = {
			isa = PBXFrameworksBuildPhase;
			buildActionMask = 2147483647;
			files = (
			);
			runOnlyForDeploymentPostprocessing = 0;
		};
/* End PBXFrameworksBuildPhase section */

/* Begin PBXGroup section */
		89AF95562D963E6500D8FA35 = {
			isa = PBXGroup;
			children = (
				89AF95612D963E6500D8FA35 /* SaintDaniels */,
				89AF95772D963E6600D8FA35 /* SaintDanielsTests */,
				89AF95812D963E6600D8FA35 /* SaintDanielsUITests */,
				89AF95602D963E6500D8FA35 /* Products */,
			);
			sourceTree = "<group>";
		};
		89AF95602D963E6500D8FA35 /* Products */ = {
			isa = PBXGroup;
			children = (
				89AF955F2D963E6500D8FA35 /* SaintDaniels.app */,
				89AF95742D963E6600D8FA35 /* SaintDanielsTests.xctest */,
				89AF957E2D963E6600D8FA35 /* SaintDanielsUITests.xctest */,
			);
			name = Products;
			sourceTree = "<group>";
		};
/* End PBXGroup section */

/* Begin PBXNativeTarget section */
		89AF955E2D963E6500D8FA35 /* SaintDaniels */ = {
			isa = PBXNativeTarget;
			buildConfigurationList = 89AF95882D963E6600D8FA35 /* Build configuration list for PBXNativeTarget "SaintDaniels" */;
			buildPhases = (
				89AF955B2D963E6500D8FA35 /* Sources */,
				89AF955C2D963E6500D8FA35 /* Frameworks */,
				89AF955D2D963E6500D8FA35 /* Resources */,
			);
			buildRules = (
			);
			dependencies = (
			);
			fileSystemSynchronizedGroups = (
				89AF95612D963E6500D8FA35 /* SaintDaniels */,
			);
			name = SaintDaniels;
			packageProductDependencies = (
			);
			productName = SaintDaniels;
			productReference = 89AF955F2D963E6500D8FA35 /* SaintDaniels.app */;
			productType = "com.apple.product-type.application";
		};
		89AF95732D963E6600D8FA35 /* SaintDanielsTests */ = {
			isa = PBXNativeTarget;
			buildConfigurationList = 89AF958B2D963E6600D8FA35 /* Build configuration list for PBXNativeTarget "SaintDanielsTests" */;
			buildPhases = (
				89AF95702D963E6600D8FA35 /* Sources */,
				89AF95712D963E6600D8FA35 /* Frameworks */,
				89AF95722D963E6600D8FA35 /* Resources */,
			);
			buildRules = (
			);
			dependencies = (
				89AF95762D963E6600D8FA35 /* PBXTargetDependency */,
			);
			fileSystemSynchronizedGroups = (
				89AF95772D963E6600D8FA35 /* SaintDanielsTests */,
			);
			name = SaintDanielsTests;
			packageProductDependencies = (
			);
			productName = SaintDanielsTests;
			productReference = 89AF95742D963E6600D8FA35 /* SaintDanielsTests.xctest */;
			productType = "com.apple.product-type.bundle.unit-test";
		};
		89AF957D2D963E6600D8FA35 /* SaintDanielsUITests */ = {
			isa = PBXNativeTarget;
			buildConfigurationList = 89AF958E2D963E6600D8FA35 /* Build configuration list for PBXNativeTarget "SaintDanielsUITests" */;
			buildPhases = (
				89AF957A2D963E6600D8FA35 /* Sources */,
				89AF957B2D963E6600D8FA35 /* Frameworks */,
				89AF957C2D963E6600D8FA35 /* Resources */,
			);
			buildRules = (
			);
			dependencies = (
				89AF95802D963E6600D8FA35 /* PBXTargetDependency */,
			);
			fileSystemSynchronizedGroups = (
				89AF95812D963E6600D8FA35 /* SaintDanielsUITests */,
			);
			name = SaintDanielsUITests;
			packageProductDependencies = (
			);
			productName = SaintDanielsUITests;
			productReference = 89AF957E2D963E6600D8FA35 /* SaintDanielsUITests.xctest */;
			productType = "com.apple.product-type.bundle.ui-testing";
		};
/* End PBXNativeTarget section */

/* Begin PBXProject section */
		89AF95572D963E6500D8FA35 /* Project object */ = {
			isa = PBXProject;
			attributes = {
				BuildIndependentTargetsInParallel = 1;
				LastSwiftUpdateCheck = 1620;
				LastUpgradeCheck = 1620;
				TargetAttributes = {
					89AF955E2D963E6500D8FA35 = {
						CreatedOnToolsVersion = 16.2;
					};
					89AF95732D963E6600D8FA35 = {
						CreatedOnToolsVersion = 16.2;
						TestTargetID = 89AF955E2D963E6500D8FA35;
					};
					89AF957D2D963E6600D8FA35 = {
						CreatedOnToolsVersion = 16.2;
						TestTargetID = 89AF955E2D963E6500D8FA35;
					};
				};
			};
			buildConfigurationList = 89AF955A2D963E6500D8FA35 /* Build configuration list for PBXProject "SaintDaniels" */;
			developmentRegion = en;
			hasScannedForEncodings = 0;
			knownRegions = (
				en,
				Base,
			);
			mainGroup = 89AF95562D963E6500D8FA35;
			minimizedProjectReferenceProxies = 1;
			preferredProjectObjectVersion = 77;
			productRefGroup = 89AF95602D963E6500D8FA35 /* Products */;
			projectDirPath = "";
			projectRoot = "";
			targets = (
				89AF955E2D963E6500D8FA35 /* SaintDaniels */,
				89AF95732D963E6600D8FA35 /* SaintDanielsTests */,
				89AF957D2D963E6600D8FA35 /* SaintDanielsUITests */,
			);
		};
/* End PBXProject section */

/* Begin PBXResourcesBuildPhase section */
		89AF955D2D963E6500D8FA35 /* Resources */ = {
			isa = PBXResourcesBuildPhase;
			buildActionMask = 2147483647;
			files = (
			);
			runOnlyForDeploymentPostprocessing = 0;
		};
		89AF95722D963E6600D8FA35 /* Resources */ = {
			isa = PBXResourcesBuildPhase;
			buildActionMask = 2147483647;
			files = (
			);
			runOnlyForDeploymentPostprocessing = 0;
		};
		89AF957C2D963E6600D8FA35 /* Resources */ = {
			isa = PBXResourcesBuildPhase;
			buildActionMask = 2147483647;
			files = (
			);
			runOnlyForDeploymentPostprocessing = 0;
		};
/* End PBXResourcesBuildPhase section */

/* Begin PBXSourcesBuildPhase section */
		89AF955B2D963E6500D8FA35 /* Sources */ = {
			isa = PBXSourcesBuildPhase;
			buildActionMask = 2147483647;
			files = (
			);
			runOnlyForDeploymentPostprocessing = 0;
		};
		89AF95702D963E6600D8FA35 /* Sources */ = {
			isa = PBXSourcesBuildPhase;
			buildActionMask = 2147483647;
			files = (
			);
			runOnlyForDeploymentPostprocessing = 0;
		};
		89AF957A2D963E6600D8FA35 /* Sources */ = {
			isa = PBXSourcesBuildPhase;
			buildActionMask = 2147483647;
			files = (
			);
			runOnlyForDeploymentPostprocessing = 0;
		};
/* End PBXSourcesBuildPhase section */

/* Begin PBXTargetDependency section */
		89AF95762D963E6600D8FA35 /* PBXTargetDependency */ = {
			isa = PBXTargetDependency;
			target = 89AF955E2D963E6500D8FA35 /* SaintDaniels */;
			targetProxy = 89AF95752D963E6600D8FA35 /* PBXContainerItemProxy */;
		};
		89AF95802D963E6600D8FA35 /* PBXTargetDependency */ = {
			isa = PBXTargetDependency;
			target = 89AF955E2D963E6500D8FA35 /* SaintDaniels */;
			targetProxy = 89AF957F2D963E6600D8FA35 /* PBXContainerItemProxy */;
		};
/* End PBXTargetDependency section */

/* Begin XCBuildConfiguration section */
		89AF95862D963E6600D8FA35 /* Debug */ = {
			isa = XCBuildConfiguration;
			buildSettings = {
				ALWAYS_SEARCH_USER_PATHS = NO;
				ASSETCATALOG_COMPILER_GENERATE_SWIFT_ASSET_SYMBOL_EXTENSIONS = YES;
				CLANG_ANALYZER_NONNULL = YES;
				CLANG_ANALYZER_NUMBER_OBJECT_CONVERSION = YES_AGGRESSIVE;
				CLANG_CXX_LANGUAGE_STANDARD = "gnu++20";
				CLANG_ENABLE_MODULES = YES;
				CLANG_ENABLE_OBJC_ARC = YES;
				CLANG_ENABLE_OBJC_WEAK = YES;
				CLANG_WARN_BLOCK_CAPTURE_AUTORELEASING = YES;
				CLANG_WARN_BOOL_CONVERSION = YES;
				CLANG_WARN_COMMA = YES;
				CLANG_WARN_CONSTANT_CONVERSION = YES;
				CLANG_WARN_DEPRECATED_OBJC_IMPLEMENTATIONS = YES;
				CLANG_WARN_DIRECT_OBJC_ISA_USAGE = YES_ERROR;
				CLANG_WARN_DOCUMENTATION_COMMENTS = YES;
				CLANG_WARN_EMPTY_BODY = YES;
				CLANG_WARN_ENUM_CONVERSION = YES;
				CLANG_WARN_INFINITE_RECURSION = YES;
				CLANG_WARN_INT_CONVERSION = YES;
				CLANG_WARN_NON_LITERAL_NULL_CONVERSION = YES;
				CLANG_WARN_OBJC_IMPLICIT_RETAIN_SELF = YES;
				CLANG_WARN_OBJC_LITERAL_CONVERSION = YES;
				CLANG_WARN_OBJC_ROOT_CLASS = YES_ERROR;
				CLANG_WARN_QUOTED_INCLUDE_IN_FRAMEWORK_HEADER = YES;
				CLANG_WARN_RANGE_LOOP_ANALYSIS = YES;
				CLANG_WARN_STRICT_PROTOTYPES = YES;
				CLANG_WARN_SUSPICIOUS_MOVE = YES;
				CLANG_WARN_UNGUARDED_AVAILABILITY = YES_AGGRESSIVE;
				CLANG_WARN_UNREACHABLE_CODE = YES;
				CLANG_WARN__DUPLICATE_METHOD_MATCH = YES;
				COPY_PHASE_STRIP = NO;
				DEBUG_INFORMATION_FORMAT = dwarf;
				ENABLE_STRICT_OBJC_MSGSEND = YES;
				ENABLE_TESTABILITY = YES;
				ENABLE_USER_SCRIPT_SANDBOXING = YES;
				GCC_C_LANGUAGE_STANDARD = gnu17;
				GCC_DYNAMIC_NO_PIC = NO;
				GCC_NO_COMMON_BLOCKS = YES;
				GCC_OPTIMIZATION_LEVEL = 0;
				GCC_PREPROCESSOR_DEFINITIONS = (
					"DEBUG=1",
					"$(inherited)",
				);
				GCC_WARN_64_TO_32_BIT_CONVERSION = YES;
				GCC_WARN_ABOUT_RETURN_TYPE = YES_ERROR;
				GCC_WARN_UNDECLARED_SELECTOR = YES;
				GCC_WARN_UNINITIALIZED_AUTOS = YES_AGGRESSIVE;
				GCC_WARN_UNUSED_FUNCTION = YES;
				GCC_WARN_UNUSED_VARIABLE = YES;
				IPHONEOS_DEPLOYMENT_TARGET = 18.2;
				LOCALIZATION_PREFERS_STRING_CATALOGS = YES;
				MTL_ENABLE_DEBUG_INFO = INCLUDE_SOURCE;
				MTL_FAST_MATH = YES;
				ONLY_ACTIVE_ARCH = YES;
				SDKROOT = iphoneos;
				SWIFT_ACTIVE_COMPILATION_CONDITIONS = "DEBUG $(inherited)";
				SWIFT_OPTIMIZATION_LEVEL = "-Onone";
			};
			name = Debug;
		};
		89AF95872D963E6600D8FA35 /* Release */ = {
			isa = XCBuildConfiguration;
			buildSettings = {
				ALWAYS_SEARCH_USER_PATHS = NO;
				ASSETCATALOG_COMPILER_GENERATE_SWIFT_ASSET_SYMBOL_EXTENSIONS = YES;
				CLANG_ANALYZER_NONNULL = YES;
				CLANG_ANALYZER_NUMBER_OBJECT_CONVERSION = YES_AGGRESSIVE;
				CLANG_CXX_LANGUAGE_STANDARD = "gnu++20";
				CLANG_ENABLE_MODULES = YES;
				CLANG_ENABLE_OBJC_ARC = YES;
				CLANG_ENABLE_OBJC_WEAK = YES;
				CLANG_WARN_BLOCK_CAPTURE_AUTORELEASING = YES;
				CLANG_WARN_BOOL_CONVERSION = YES;
				CLANG_WARN_COMMA = YES;
				CLANG_WARN_CONSTANT_CONVERSION = YES;
				CLANG_WARN_DEPRECATED_OBJC_IMPLEMENTATIONS = YES;
				CLANG_WARN_DIRECT_OBJC_ISA_USAGE = YES_ERROR;
				CLANG_WARN_DOCUMENTATION_COMMENTS = YES;
				CLANG_WARN_EMPTY_BODY = YES;
				CLANG_WARN_ENUM_CONVERSION = YES;
				CLANG_WARN_INFINITE_RECURSION = YES;
				CLANG_WARN_INT_CONVERSION = YES;
				CLANG_WARN_NON_LITERAL_NULL_CONVERSION = YES;
				CLANG_WARN_OBJC_IMPLICIT_RETAIN_SELF = YES;
				CLANG_WARN_OBJC_LITERAL_CONVERSION = YES;
				CLANG_WARN_OBJC_ROOT_CLASS = YES_ERROR;
				CLANG_WARN_QUOTED_INCLUDE_IN_FRAMEWORK_HEADER = YES;
				CLANG_WARN_RANGE_LOOP_ANALYSIS = YES;
				CLANG_WARN_STRICT_PROTOTYPES = YES;
				CLANG_WARN_SUSPICIOUS_MOVE = YES;
				CLANG_WARN_UNGUARDED_AVAILABILITY = YES_AGGRESSIVE;
				CLANG_WARN_UNREACHABLE_CODE = YES;
				CLANG_WARN__DUPLICATE_METHOD_MATCH = YES;
				COPY_PHASE_STRIP = NO;
				DEBUG_INFORMATION_FORMAT = "dwarf-with-dsym";
				ENABLE_NS_ASSERTIONS = NO;
				ENABLE_STRICT_OBJC_MSGSEND = YES;
				ENABLE_USER_SCRIPT_SANDBOXING = YES;
				GCC_C_LANGUAGE_STANDARD = gnu17;
				GCC_NO_COMMON_BLOCKS = YES;
				GCC_WARN_64_TO_32_BIT_CONVERSION = YES;
				GCC_WARN_ABOUT_RETURN_TYPE = YES_ERROR;
				GCC_WARN_UNDECLARED_SELECTOR = YES;
				GCC_WARN_UNINITIALIZED_AUTOS = YES_AGGRESSIVE;
				GCC_WARN_UNUSED_FUNCTION = YES;
				GCC_WARN_UNUSED_VARIABLE = YES;
				IPHONEOS_DEPLOYMENT_TARGET = 18.2;
				LOCALIZATION_PREFERS_STRING_CATALOGS = YES;
				MTL_ENABLE_DEBUG_INFO = NO;
				MTL_FAST_MATH = YES;
				SDKROOT = iphoneos;
				SWIFT_COMPILATION_MODE = wholemodule;
				VALIDATE_PRODUCT = YES;
			};
			name = Release;
		};
		89AF95892D963E6600D8FA35 /* Debug */ = {
			isa = XCBuildConfiguration;
			buildSettings = {
				ASSETCATALOG_COMPILER_APPICON_NAME = AppIcon;
				ASSETCATALOG_COMPILER_GLOBAL_ACCENT_COLOR_NAME = AccentColor;
				CODE_SIGN_STYLE = Automatic;
				CURRENT_PROJECT_VERSION = 1;
				DEVELOPMENT_ASSET_PATHS = "\"SaintDaniels/Preview Content\"";
				ENABLE_PREVIEWS = YES;
				GENERATE_INFOPLIST_FILE = YES;
				INFOPLIST_KEY_UIApplicationSceneManifest_Generation = YES;
				INFOPLIST_KEY_UIApplicationSupportsIndirectInputEvents = YES;
				INFOPLIST_KEY_UILaunchScreen_Generation = YES;
				INFOPLIST_KEY_UISupportedInterfaceOrientations_iPad = "UIInterfaceOrientationPortrait UIInterfaceOrientationPortraitUpsideDown UIInterfaceOrientationLandscapeLeft UIInterfaceOrientationLandscapeRight";
				INFOPLIST_KEY_UISupportedInterfaceOrientations_iPhone = "UIInterfaceOrientationPortrait UIInterfaceOrientationLandscapeLeft UIInterfaceOrientationLandscapeRight";
				LD_RUNPATH_SEARCH_PATHS = (
					"$(inherited)",
					"@executable_path/Frameworks",
				);
				MARKETING_VERSION = 1.0;
				PRODUCT_BUNDLE_IDENTIFIER = oldwestsolutions.SaintDaniels;
				PRODUCT_NAME = "$(TARGET_NAME)";
				SWIFT_EMIT_LOC_STRINGS = YES;
				SWIFT_VERSION = 5.0;
				TARGETED_DEVICE_FAMILY = "1,2";
			};
			name = Debug;
		};
		89AF958A2D963E6600D8FA35 /* Release */ = {
			isa = XCBuildConfiguration;
			buildSettings = {
				ASSETCATALOG_COMPILER_APPICON_NAME = AppIcon;
				ASSETCATALOG_COMPILER_GLOBAL_ACCENT_COLOR_NAME = AccentColor;
				CODE_SIGN_STYLE = Automatic;
				CURRENT_PROJECT_VERSION = 1;
				DEVELOPMENT_ASSET_PATHS = "\"SaintDaniels/Preview Content\"";
				ENABLE_PREVIEWS = YES;
				GENERATE_INFOPLIST_FILE = YES;
				INFOPLIST_KEY_UIApplicationSceneManifest_Generation = YES;
				INFOPLIST_KEY_UIApplicationSupportsIndirectInputEvents = YES;
				INFOPLIST_KEY_UILaunchScreen_Generation = YES;
				INFOPLIST_KEY_UISupportedInterfaceOrientations_iPad = "UIInterfaceOrientationPortrait UIInterfaceOrientationPortraitUpsideDown UIInterfaceOrientationLandscapeLeft UIInterfaceOrientationLandscapeRight";
				INFOPLIST_KEY_UISupportedInterfaceOrientations_iPhone = "UIInterfaceOrientationPortrait UIInterfaceOrientationLandscapeLeft UIInterfaceOrientationLandscapeRight";
				LD_RUNPATH_SEARCH_PATHS = (
					"$(inherited)",
					"@executable_path/Frameworks",
				);
				MARKETING_VERSION = 1.0;
				PRODUCT_BUNDLE_IDENTIFIER = oldwestsolutions.SaintDaniels;
				PRODUCT_NAME = "$(TARGET_NAME)";
				SWIFT_EMIT_LOC_STRINGS = YES;
				SWIFT_VERSION = 5.0;
				TARGETED_DEVICE_FAMILY = "1,2";
			};
			name = Release;
		};
		89AF958C2D963E6600D8FA35 /* Debug */ = {
			isa = XCBuildConfiguration;
			buildSettings = {
				BUNDLE_LOADER = "$(TEST_HOST)";
				CODE_SIGN_STYLE = Automatic;
				CURRENT_PROJECT_VERSION = 1;
				GENERATE_INFOPLIST_FILE = YES;
				IPHONEOS_DEPLOYMENT_TARGET = 18.2;
				MARKETING_VERSION = 1.0;
				PRODUCT_BUNDLE_IDENTIFIER = oldwestsolutions.SaintDanielsTests;
				PRODUCT_NAME = "$(TARGET_NAME)";
				SWIFT_EMIT_LOC_STRINGS = NO;
				SWIFT_VERSION = 5.0;
				TARGETED_DEVICE_FAMILY = "1,2";
				TEST_HOST = "$(BUILT_PRODUCTS_DIR)/SaintDaniels.app/$(BUNDLE_EXECUTABLE_FOLDER_PATH)/SaintDaniels";
			};
			name = Debug;
		};
		89AF958D2D963E6600D8FA35 /* Release */ = {
			isa = XCBuildConfiguration;
			buildSettings = {
				BUNDLE_LOADER = "$(TEST_HOST)";
				CODE_SIGN_STYLE = Automatic;
				CURRENT_PROJECT_VERSION = 1;
				GENERATE_INFOPLIST_FILE = YES;
				IPHONEOS_DEPLOYMENT_TARGET = 18.2;
				MARKETING_VERSION = 1.0;
				PRODUCT_BUNDLE_IDENTIFIER = oldwestsolutions.SaintDanielsTests;
				PRODUCT_NAME = "$(TARGET_NAME)";
				SWIFT_EMIT_LOC_STRINGS = NO;
				SWIFT_VERSION = 5.0;
				TARGETED_DEVICE_FAMILY = "1,2";
				TEST_HOST = "$(BUILT_PRODUCTS_DIR)/SaintDaniels.app/$(BUNDLE_EXECUTABLE_FOLDER_PATH)/SaintDaniels";
			};
			name = Release;
		};
		89AF958F2D963E6600D8FA35 /* Debug */ = {
			isa = XCBuildConfiguration;
			buildSettings = {
				CODE_SIGN_STYLE = Automatic;
				CURRENT_PROJECT_VERSION = 1;
				GENERATE_INFOPLIST_FILE = YES;
				MARKETING_VERSION = 1.0;
				PRODUCT_BUNDLE_IDENTIFIER = oldwestsolutions.SaintDanielsUITests;
				PRODUCT_NAME = "$(TARGET_NAME)";
				SWIFT_EMIT_LOC_STRINGS = NO;
				SWIFT_VERSION = 5.0;
				TARGETED_DEVICE_FAMILY = "1,2";
				TEST_TARGET_NAME = SaintDaniels;
			};
			name = Debug;
		};
		89AF95902D963E6600D8FA35 /* Release */ = {
			isa = XCBuildConfiguration;
			buildSettings = {
				CODE_SIGN_STYLE = Automatic;
				CURRENT_PROJECT_VERSION = 1;
				GENERATE_INFOPLIST_FILE = YES;
				MARKETING_VERSION = 1.0;
				PRODUCT_BUNDLE_IDENTIFIER = oldwestsolutions.SaintDanielsUITests;
				PRODUCT_NAME = "$(TARGET_NAME)";
				SWIFT_EMIT_LOC_STRINGS = NO;
				SWIFT_VERSION = 5.0;
				TARGETED_DEVICE_FAMILY = "1,2";
				TEST_TARGET_NAME = SaintDaniels;
			};
			name = Release;
		};
/* End XCBuildConfiguration section */

/* Begin XCConfigurationList section */
		89AF955A2D963E6500D8FA35 /* Build configuration list for PBXProject "SaintDaniels" */ = {
			isa = XCConfigurationList;
			buildConfigurations = (
				89AF95862D963E6600D8FA35 /* Debug */,
				89AF95872D963E6600D8FA35 /* Release */,
			);
			defaultConfigurationIsVisible = 0;
			defaultConfigurationName = Release;
		};
		89AF95882D963E6600D8FA35 /* Build configuration list for PBXNativeTarget "SaintDaniels" */ = {
			isa = XCConfigurationList;
			buildConfigurations = (
				89AF95892D963E6600D8FA35 /* Debug */,
				89AF958A2D963E6600D8FA35 /* Release */,
			);
			defaultConfigurationIsVisible = 0;
			defaultConfigurationName = Release;
		};
		89AF958B2D963E6600D8FA35 /* Build configuration list for PBXNativeTarget "SaintDanielsTests" */ = {
			isa = XCConfigurationList;
			buildConfigurations = (
				89AF958C2D963E6600D8FA35 /* Debug */,
				89AF958D2D963E6600D8FA35 /* Release */,
			);
			defaultConfigurationIsVisible = 0;
			defaultConfigurationName = Release;
		};
		89AF958E2D963E6600D8FA35 /* Build configuration list for PBXNativeTarget "SaintDanielsUITests" */ = {
			isa = XCConfigurationList;
			buildConfigurations = (
				89AF958F2D963E6600D8FA35 /* Debug */,
				89AF95902D963E6600D8FA35 /* Release */,
			);
			defaultConfigurationIsVisible = 0;
			defaultConfigurationName = Release;
		};
/* End XCConfigurationList section */
	};
	rootObject = 89AF95572D963E6500D8FA35 /* Project object */;
}
